
Microsoft Visual Studio Solution File, Format Version 11.00
# Visual Studio 2010
Project("{F184B08F-C81C-45F6-A57F-5ABD9991F28F}") = "DSFronteiraPadrao", "DSPadrao\DSFronteiraPadrao.vbproj", "{14AE3AE0-19C5-47FE-86B5-E46F6255EA78}"
EndProject
Project("{F184B08F-C81C-45F6-A57F-5ABD9991F28F}") = "DSPadraoRelatorio", "DSPadraoRelatorio\DSPadraoRelatorio.vbproj", "{2C5C8795-C317-44DC-B959-EB2AE35AB645}"
EndProject
Project("{F184B08F-C81C-45F6-A57F-5ABD9991F28F}") = "DSRegistro", "DSRegistro\DSRegistro.vbproj", "{20FEF7C5-4D08-487E-9576-D2A870ADFCF7}"
EndProject
Project("{F184B08F-C81C-45F6-A57F-5ABD9991F28F}") = "Teste", "Teste\Teste.vbproj", "{A69A615E-B725-4249-AAFB-A8002B10D619}"
EndProject
Project("{F184B08F-C81C-45F6-A57F-5ABD9991F28F}") = "DSPersistenciaPadrao", "DSPersistenciaPadrao\DSPersistenciaPadrao.vbproj", "{AF06D0CC-D977-4283-B208-8CCCEED63F55}"
EndProject
Project("{F184B08F-C81C-45F6-A57F-5ABD9991F28F}") = "DSControlePadrao", "DSControlePadrao\DSControlePadrao.vbproj", "{5FE0FD78-6A67-4F47-B43C-65FC2C6B7B8C}"
EndProject
Project("{F184B08F-C81C-45F6-A57F-5ABD9991F28F}") = "Exclusao_Registro", "Exclusao_Registro\Exclusao_Registro.vbproj", "{A10392DA-640B-4B8B-A2C6-ECCD2A275519}"
	ProjectSection(ProjectDependencies) = postProject
		{20FEF7C5-4D08-487E-9576-D2A870ADFCF7} = {20FEF7C5-4D08-487E-9576-D2A870ADFCF7}
	EndProjectSection
EndProject
Global
	GlobalSection(SolutionConfigurationPlatforms) = preSolution
		Debug|Any CPU = Debug|Any CPU
		Debug|Mixed Platforms = Debug|Mixed Platforms
		Debug|x86 = Debug|x86
		Release|Any CPU = Release|Any CPU
		Release|Mixed Platforms = Release|Mixed Platforms
		Release|x86 = Release|x86
	EndGlobalSection
	GlobalSection(ProjectConfigurationPlatforms) = postSolution
		{14AE3AE0-19C5-47FE-86B5-E46F6255EA78}.Debug|Any CPU.ActiveCfg = Release|Any CPU
		{14AE3AE0-19C5-47FE-86B5-E46F6255EA78}.Debug|Any CPU.Build.0 = Release|Any CPU
		{14AE3AE0-19C5-47FE-86B5-E46F6255EA78}.Debug|Mixed Platforms.ActiveCfg = Debug|Any CPU
		{14AE3AE0-19C5-47FE-86B5-E46F6255EA78}.Debug|Mixed Platforms.Build.0 = Debug|Any CPU
		{14AE3AE0-19C5-47FE-86B5-E46F6255EA78}.Debug|x86.ActiveCfg = Debug|Any CPU
		{14AE3AE0-19C5-47FE-86B5-E46F6255EA78}.Release|Any CPU.ActiveCfg = Release|Any CPU
		{14AE3AE0-19C5-47FE-86B5-E46F6255EA78}.Release|Any CPU.Build.0 = Release|Any CPU
		{14AE3AE0-19C5-47FE-86B5-E46F6255EA78}.Release|Mixed Platforms.ActiveCfg = Release|Any CPU
		{14AE3AE0-19C5-47FE-86B5-E46F6255EA78}.Release|Mixed Platforms.Build.0 = Release|Any CPU
		{14AE3AE0-19C5-47FE-86B5-E46F6255EA78}.Release|x86.ActiveCfg = Release|Any CPU
		{2C5C8795-C317-44DC-B959-EB2AE35AB645}.Debug|Any CPU.ActiveCfg = Release|Any CPU
		{2C5C8795-C317-44DC-B959-EB2AE35AB645}.Debug|Any CPU.Build.0 = Release|Any CPU
		{2C5C8795-C317-44DC-B959-EB2AE35AB645}.Debug|Mixed Platforms.ActiveCfg = Debug|Any CPU
		{2C5C8795-C317-44DC-B959-EB2AE35AB645}.Debug|Mixed Platforms.Build.0 = Debug|Any CPU
		{2C5C8795-C317-44DC-B959-EB2AE35AB645}.Debug|x86.ActiveCfg = Debug|Any CPU
		{2C5C8795-C317-44DC-B959-EB2AE35AB645}.Release|Any CPU.ActiveCfg = Release|Any CPU
		{2C5C8795-C317-44DC-B959-EB2AE35AB645}.Release|Any CPU.Build.0 = Release|Any CPU
		{2C5C8795-C317-44DC-B959-EB2AE35AB645}.Release|Mixed Platforms.ActiveCfg = Release|Any CPU
		{2C5C8795-C317-44DC-B959-EB2AE35AB645}.Release|Mixed Platforms.Build.0 = Release|Any CPU
		{2C5C8795-C317-44DC-B959-EB2AE35AB645}.Release|x86.ActiveCfg = Release|Any CPU
		{20FEF7C5-4D08-487E-9576-D2A870ADFCF7}.Debug|Any CPU.ActiveCfg = Release|Any CPU
		{20FEF7C5-4D08-487E-9576-D2A870ADFCF7}.Debug|Any CPU.Build.0 = Release|Any CPU
		{20FEF7C5-4D08-487E-9576-D2A870ADFCF7}.Debug|Mixed Platforms.ActiveCfg = Debug|Any CPU
		{20FEF7C5-4D08-487E-9576-D2A870ADFCF7}.Debug|Mixed Platforms.Build.0 = Debug|Any CPU
		{20FEF7C5-4D08-487E-9576-D2A870ADFCF7}.Debug|x86.ActiveCfg = Debug|Any CPU
		{20FEF7C5-4D08-487E-9576-D2A870ADFCF7}.Release|Any CPU.ActiveCfg = Release|Any CPU
		{20FEF7C5-4D08-487E-9576-D2A870ADFCF7}.Release|Any CPU.Build.0 = Release|Any CPU
		{20FEF7C5-4D08-487E-9576-D2A870ADFCF7}.Release|Mixed Platforms.ActiveCfg = Release|Any CPU
		{20FEF7C5-4D08-487E-9576-D2A870ADFCF7}.Release|Mixed Platforms.Build.0 = Release|Any CPU
		{20FEF7C5-4D08-487E-9576-D2A870ADFCF7}.Release|x86.ActiveCfg = Release|Any CPU
		{A69A615E-B725-4249-AAFB-A8002B10D619}.Debug|Any CPU.ActiveCfg = Debug|Any CPU
		{A69A615E-B725-4249-AAFB-A8002B10D619}.Debug|Any CPU.Build.0 = Debug|Any CPU
		{A69A615E-B725-4249-AAFB-A8002B10D619}.Debug|Mixed Platforms.ActiveCfg = Debug|Any CPU
		{A69A615E-B725-4249-AAFB-A8002B10D619}.Debug|Mixed Platforms.Build.0 = Debug|Any CPU
		{A69A615E-B725-4249-AAFB-A8002B10D619}.Debug|x86.ActiveCfg = Debug|Any CPU
		{A69A615E-B725-4249-AAFB-A8002B10D619}.Release|Any CPU.ActiveCfg = Release|Any CPU
		{A69A615E-B725-4249-AAFB-A8002B10D619}.Release|Any CPU.Build.0 = Release|Any CPU
		{A69A615E-B725-4249-AAFB-A8002B10D619}.Release|Mixed Platforms.ActiveCfg = Release|Any CPU
		{A69A615E-B725-4249-AAFB-A8002B10D619}.Release|Mixed Platforms.Build.0 = Release|Any CPU
		{A69A615E-B725-4249-AAFB-A8002B10D619}.Release|x86.ActiveCfg = Release|Any CPU
		{AF06D0CC-D977-4283-B208-8CCCEED63F55}.Debug|Any CPU.ActiveCfg = Debug|Any CPU
		{AF06D0CC-D977-4283-B208-8CCCEED63F55}.Debug|Any CPU.Build.0 = Debug|Any CPU
		{AF06D0CC-D977-4283-B208-8CCCEED63F55}.Debug|Mixed Platforms.ActiveCfg = Debug|Any CPU
		{AF06D0CC-D977-4283-B208-8CCCEED63F55}.Debug|Mixed Platforms.Build.0 = Debug|Any CPU
		{AF06D0CC-D977-4283-B208-8CCCEED63F55}.Debug|x86.ActiveCfg = Debug|Any CPU
		{AF06D0CC-D977-4283-B208-8CCCEED63F55}.Release|Any CPU.ActiveCfg = Release|Any CPU
		{AF06D0CC-D977-4283-B208-8CCCEED63F55}.Release|Any CPU.Build.0 = Release|Any CPU
		{AF06D0CC-D977-4283-B208-8CCCEED63F55}.Release|Mixed Platforms.ActiveCfg = Release|Any CPU
		{AF06D0CC-D977-4283-B208-8CCCEED63F55}.Release|Mixed Platforms.Build.0 = Release|Any CPU
		{AF06D0CC-D977-4283-B208-8CCCEED63F55}.Release|x86.ActiveCfg = Release|Any CPU
		{5FE0FD78-6A67-4F47-B43C-65FC2C6B7B8C}.Debug|Any CPU.ActiveCfg = Debug|Any CPU
		{5FE0FD78-6A67-4F47-B43C-65FC2C6B7B8C}.Debug|Any CPU.Build.0 = Debug|Any CPU
		{5FE0FD78-6A67-4F47-B43C-65FC2C6B7B8C}.Debug|Mixed Platforms.ActiveCfg = Debug|Any CPU
		{5FE0FD78-6A67-4F47-B43C-65FC2C6B7B8C}.Debug|Mixed Platforms.Build.0 = Debug|Any CPU
		{5FE0FD78-6A67-4F47-B43C-65FC2C6B7B8C}.Debug|x86.ActiveCfg = Debug|Any CPU
		{5FE0FD78-6A67-4F47-B43C-65FC2C6B7B8C}.Release|Any CPU.ActiveCfg = Release|Any CPU
		{5FE0FD78-6A67-4F47-B43C-65FC2C6B7B8C}.Release|Any CPU.Build.0 = Release|Any CPU
		{5FE0FD78-6A67-4F47-B43C-65FC2C6B7B8C}.Release|Mixed Platforms.ActiveCfg = Release|Any CPU
		{5FE0FD78-6A67-4F47-B43C-65FC2C6B7B8C}.Release|Mixed Platforms.Build.0 = Release|Any CPU
		{5FE0FD78-6A67-4F47-B43C-65FC2C6B7B8C}.Release|x86.ActiveCfg = Release|Any CPU
		{A10392DA-640B-4B8B-A2C6-ECCD2A275519}.Debug|Any CPU.ActiveCfg = Debug|x86
		{A10392DA-640B-4B8B-A2C6-ECCD2A275519}.Debug|Mixed Platforms.ActiveCfg = Debug|x86
		{A10392DA-640B-4B8B-A2C6-ECCD2A275519}.Debug|Mixed Platforms.Build.0 = Debug|x86
		{A10392DA-640B-4B8B-A2C6-ECCD2A275519}.Debug|x86.ActiveCfg = Debug|x86
		{A10392DA-640B-4B8B-A2C6-ECCD2A275519}.Debug|x86.Build.0 = Debug|x86
		{A10392DA-640B-4B8B-A2C6-ECCD2A275519}.Release|Any CPU.ActiveCfg = Release|x86
		{A10392DA-640B-4B8B-A2C6-ECCD2A275519}.Release|Mixed Platforms.ActiveCfg = Release|x86
		{A10392DA-640B-4B8B-A2C6-ECCD2A275519}.Release|Mixed Platforms.Build.0 = Release|x86
		{A10392DA-640B-4B8B-A2C6-ECCD2A275519}.Release|x86.ActiveCfg = Release|x86
		{A10392DA-640B-4B8B-A2C6-ECCD2A275519}.Release|x86.Build.0 = Release|x86
	EndGlobalSection
	GlobalSection(SolutionProperties) = preSolution
		HideSolutionNode = FALSE
	EndGlobalSection
EndGlobal
