
Microsoft Visual Studio Solution File, Format Version 10.00
# Visual Studio 2008
Project("{F184B08F-C81C-45F6-A57F-5ABD9991F28F}") = "DBCustomAction", "DBCustomAction\DBCustomAction.vbproj", "{4771356C-F231-4B2F-9338-D867C43C09ED}"
EndProject
Project("{54435603-DBB4-11D2-8724-00A0C9A8B90C}") = "DBCustomAction_Setup", "DBCustomAction_Setup\DBCustomAction_Setup.vdproj", "{A29E962E-4C63-4EFD-9930-2A80B76FF8AB}"
EndProject
Global
	GlobalSection(SolutionConfigurationPlatforms) = preSolution
		Debug|Any CPU = Debug|Any CPU
		Release|Any CPU = Release|Any CPU
	EndGlobalSection
	GlobalSection(ProjectConfigurationPlatforms) = postSolution
		{4771356C-F231-4B2F-9338-D867C43C09ED}.Debug|Any CPU.ActiveCfg = Debug|Any CPU
		{4771356C-F231-4B2F-9338-D867C43C09ED}.Debug|Any CPU.Build.0 = Debug|Any CPU
		{4771356C-F231-4B2F-9338-D867C43C09ED}.Release|Any CPU.ActiveCfg = Release|Any CPU
		{4771356C-F231-4B2F-9338-D867C43C09ED}.Release|Any CPU.Build.0 = Release|Any CPU
		{A29E962E-4C63-4EFD-9930-2A80B76FF8AB}.Debug|Any CPU.ActiveCfg = Debug
		{A29E962E-4C63-4EFD-9930-2A80B76FF8AB}.Release|Any CPU.ActiveCfg = Release
	EndGlobalSection
	GlobalSection(SolutionProperties) = preSolution
		HideSolutionNode = FALSE
	EndGlobalSection
EndGlobal
